Microsoft Visual Studio Solution File, Format Version 12.00
# Visual Studio Version 17
VisualStudioVersion = 17.5.2.0
MinimumVisualStudioVersion = 10.0.40219.1
Project("{FAE04EC0-301F-11D3-BF4B-00C04F79EFBC}") = "Ravitor.Generator", "Ravitor.Generator.csproj", "{D35AE7D7-BE22-276A-9A6B-14046B40CFDA}"
EndProject
Global
	GlobalSection(SolutionConfigurationPlatforms) = preSolution
		Debug|Any CPU = Debug|Any CPU
		Release|Any CPU = Release|Any CPU
	EndGlobalSection
	GlobalSection(ProjectConfigurationPlatforms) = postSolution
		{D35AE7D7-BE22-276A-9A6B-14046B40CFDA}.Debug|Any CPU.ActiveCfg = Debug|Any CPU
		{D35AE7D7-BE22-276A-9A6B-14046B40CFDA}.Debug|Any CPU.Build.0 = Debug|Any CPU
		{D35AE7D7-BE22-276A-9A6B-14046B40CFDA}.Release|Any CPU.ActiveCfg = Release|Any CPU
		{D35AE7D7-BE22-276A-9A6B-14046B40CFDA}.Release|Any CPU.Build.0 = Release|Any CPU
	EndGlobalSection
	GlobalSection(SolutionProperties) = preSolution
		HideSolutionNode = FALSE
	EndGlobalSection
	GlobalSection(ExtensibilityGlobals) = postSolution
		SolutionGuid = {93E32D8D-14CF-42D0-A675-BAE0CCF3E0E9}
	EndGlobalSection
EndGlobal
