
Microsoft Visual Studio Solution File, Format Version 12.00
# Visual Studio Version 17
VisualStudioVersion = 17.0.31903.59
MinimumVisualStudioVersion = 10.0.40219.1
Project("{FAE04EC0-301F-11D3-BF4B-00C04F79EFBC}") = "ConsoleAOT", "ConsoleAOT.csproj", "{A31BE4C4-3E77-D1E4-BC24-7FDB6E9E28DD}"
EndProject
Project("{2150E333-8FDC-42A3-9474-1A3956D46DE8}") = "src", "src", "{02EA681E-C7D8-13C7-8484-4AC65E1B71E8}"
EndProject
Project("{FAE04EC0-301F-11D3-BF4B-00C04F79EFBC}") = "Blackwing.Contracts", "..\..\src\Blackwing.Contracts\Blackwing.Contracts.csproj", "{FAC413EC-EF28-D122-8204-F3083B8667D3}"
EndProject
Project("{FAE04EC0-301F-11D3-BF4B-00C04F79EFBC}") = "Blackwing.Extensions.DependencyInjection", "..\..\src\Blackwing.Extensions.DependencyInjection\Blackwing.Extensions.DependencyInjection.csproj", "{8128332D-B711-D4A1-3DA1-1D295686D61B}"
EndProject
Project("{FAE04EC0-301F-11D3-BF4B-00C04F79EFBC}") = "Blackwing.Generator", "..\..\src\Blackwing.Generator\Blackwing.Generator.csproj", "{527E0BDF-883F-CAFF-5926-DB6B2C7DE8F4}"
EndProject
Global
	GlobalSection(SolutionConfigurationPlatforms) = preSolution
		Debug|Any CPU = Debug|Any CPU
		Release|Any CPU = Release|Any CPU
	EndGlobalSection
	GlobalSection(ProjectConfigurationPlatforms) = postSolution
		{A31BE4C4-3E77-D1E4-BC24-7FDB6E9E28DD}.Debug|Any CPU.ActiveCfg = Debug|Any CPU
		{A31BE4C4-3E77-D1E4-BC24-7FDB6E9E28DD}.Debug|Any CPU.Build.0 = Debug|Any CPU
		{A31BE4C4-3E77-D1E4-BC24-7FDB6E9E28DD}.Release|Any CPU.ActiveCfg = Release|Any CPU
		{A31BE4C4-3E77-D1E4-BC24-7FDB6E9E28DD}.Release|Any CPU.Build.0 = Release|Any CPU
		{FAC413EC-EF28-D122-8204-F3083B8667D3}.Debug|Any CPU.ActiveCfg = Debug|Any CPU
		{FAC413EC-EF28-D122-8204-F3083B8667D3}.Debug|Any CPU.Build.0 = Debug|Any CPU
		{FAC413EC-EF28-D122-8204-F3083B8667D3}.Release|Any CPU.ActiveCfg = Release|Any CPU
		{FAC413EC-EF28-D122-8204-F3083B8667D3}.Release|Any CPU.Build.0 = Release|Any CPU
		{8128332D-B711-D4A1-3DA1-1D295686D61B}.Debug|Any CPU.ActiveCfg = Debug|Any CPU
		{8128332D-B711-D4A1-3DA1-1D295686D61B}.Debug|Any CPU.Build.0 = Debug|Any CPU
		{8128332D-B711-D4A1-3DA1-1D295686D61B}.Release|Any CPU.ActiveCfg = Release|Any CPU
		{8128332D-B711-D4A1-3DA1-1D295686D61B}.Release|Any CPU.Build.0 = Release|Any CPU
		{527E0BDF-883F-CAFF-5926-DB6B2C7DE8F4}.Debug|Any CPU.ActiveCfg = Debug|Any CPU
		{527E0BDF-883F-CAFF-5926-DB6B2C7DE8F4}.Debug|Any CPU.Build.0 = Debug|Any CPU
		{527E0BDF-883F-CAFF-5926-DB6B2C7DE8F4}.Release|Any CPU.ActiveCfg = Release|Any CPU
		{527E0BDF-883F-CAFF-5926-DB6B2C7DE8F4}.Release|Any CPU.Build.0 = Release|Any CPU
	EndGlobalSection
	GlobalSection(SolutionProperties) = preSolution
		HideSolutionNode = FALSE
	EndGlobalSection
	GlobalSection(NestedProjects) = preSolution
		{FAC413EC-EF28-D122-8204-F3083B8667D3} = {02EA681E-C7D8-13C7-8484-4AC65E1B71E8}
		{8128332D-B711-D4A1-3DA1-1D295686D61B} = {02EA681E-C7D8-13C7-8484-4AC65E1B71E8}
		{527E0BDF-883F-CAFF-5926-DB6B2C7DE8F4} = {02EA681E-C7D8-13C7-8484-4AC65E1B71E8}
	EndGlobalSection
EndGlobal
