
Microsoft Visual Studio Solution File, Format Version 12.00
# Visual Studio Version 17
VisualStudioVersion = 17.0.31903.59
MinimumVisualStudioVersion = 10.0.40219.1
Project("{FAE04EC0-301F-11D3-BF4B-00C04F79EFBC}") = "Console", "Console.csproj", "{DE86EC9E-11F1-57BA-2854-A3B93D22FB63}"
EndProject
Project("{FAE04EC0-301F-11D3-BF4B-00C04F79EFBC}") = "Ravitor.Contracts", "..\..\src\Ravitor.Contracts\Ravitor.Contracts.csproj", "{FAC413EC-EF28-D122-8204-F3083B8667D3}"
EndProject
Project("{FAE04EC0-301F-11D3-BF4B-00C04F79EFBC}") = "Ravitor.Generator", "..\..\src\Ravitor.Generator\Ravitor.Generator.csproj", "{527E0BDF-883F-CAFF-5926-DB6B2C7DE8F4}"
EndProject
Project("{FAE04EC0-301F-11D3-BF4B-00C04F79EFBC}") = "Ravitor.Extensions.DependencyInjection", "..\..\src\Ravitor.Extensions.DependencyInjection\Ravitor.Extensions.DependencyInjection.csproj", "{8128332D-B711-D4A1-3DA1-1D295686D61B}"
EndProject
Project("{2150E333-8FDC-42A3-9474-1A3956D46DE8}") = "src", "src", "{02EA681E-C7D8-13C7-8484-4AC65E1B71E8}"
EndProject
Global
	GlobalSection(SolutionConfigurationPlatforms) = preSolution
		Debug|Any CPU = Debug|Any CPU
		Release|Any CPU = Release|Any CPU
	EndGlobalSection
	GlobalSection(ProjectConfigurationPlatforms) = postSolution
		{DE86EC9E-11F1-57BA-2854-A3B93D22FB63}.Debug|Any CPU.ActiveCfg = Debug|Any CPU
		{DE86EC9E-11F1-57BA-2854-A3B93D22FB63}.Debug|Any CPU.Build.0 = Debug|Any CPU
		{DE86EC9E-11F1-57BA-2854-A3B93D22FB63}.Release|Any CPU.ActiveCfg = Release|Any CPU
		{DE86EC9E-11F1-57BA-2854-A3B93D22FB63}.Release|Any CPU.Build.0 = Release|Any CPU
		{FAC413EC-EF28-D122-8204-F3083B8667D3}.Debug|Any CPU.ActiveCfg = Debug|Any CPU
		{FAC413EC-EF28-D122-8204-F3083B8667D3}.Debug|Any CPU.Build.0 = Debug|Any CPU
		{FAC413EC-EF28-D122-8204-F3083B8667D3}.Release|Any CPU.ActiveCfg = Release|Any CPU
		{FAC413EC-EF28-D122-8204-F3083B8667D3}.Release|Any CPU.Build.0 = Release|Any CPU
		{527E0BDF-883F-CAFF-5926-DB6B2C7DE8F4}.Debug|Any CPU.ActiveCfg = Debug|Any CPU
		{527E0BDF-883F-CAFF-5926-DB6B2C7DE8F4}.Debug|Any CPU.Build.0 = Debug|Any CPU
		{527E0BDF-883F-CAFF-5926-DB6B2C7DE8F4}.Release|Any CPU.ActiveCfg = Release|Any CPU
		{527E0BDF-883F-CAFF-5926-DB6B2C7DE8F4}.Release|Any CPU.Build.0 = Release|Any CPU
		{8128332D-B711-D4A1-3DA1-1D295686D61B}.Debug|Any CPU.ActiveCfg = Debug|Any CPU
		{8128332D-B711-D4A1-3DA1-1D295686D61B}.Debug|Any CPU.Build.0 = Debug|Any CPU
		{8128332D-B711-D4A1-3DA1-1D295686D61B}.Release|Any CPU.ActiveCfg = Release|Any CPU
		{8128332D-B711-D4A1-3DA1-1D295686D61B}.Release|Any CPU.Build.0 = Release|Any CPU
	EndGlobalSection
	GlobalSection(SolutionProperties) = preSolution
		HideSolutionNode = FALSE
	EndGlobalSection
	GlobalSection(NestedProjects) = preSolution
		{FAC413EC-EF28-D122-8204-F3083B8667D3} = {02EA681E-C7D8-13C7-8484-4AC65E1B71E8}
		{527E0BDF-883F-CAFF-5926-DB6B2C7DE8F4} = {02EA681E-C7D8-13C7-8484-4AC65E1B71E8}
		{8128332D-B711-D4A1-3DA1-1D295686D61B} = {02EA681E-C7D8-13C7-8484-4AC65E1B71E8}
	EndGlobalSection
	GlobalSection(ExtensibilityGlobals) = postSolution
		SolutionGuid = {88B52F77-C389-441E-8886-90557A89FBFC}
	EndGlobalSection
EndGlobal
